// !$*UTF8*$!
{
	archiveVersion = 1;
	classes = {
	};
	objectVersion = 50;
	objects = {

/* Begin PBXBuildFile section */
		4D1D90E0250E8FF000FF9765 /* WebKit.framework in Frameworks */ = {isa = PBXBuildFile; fileRef = 4D1D90DF250E8FF000FF9765 /* WebKit.framework */; };
		4D1D90EC250E9A2B00FF9765 /* WarThunder.jpg in Resources */ = {isa = PBXBuildFile; fileRef = 4D1D90E2250E9A2B00FF9765 /* WarThunder.jpg */; };
		4D1D90ED250E9A2B00FF9765 /* TheyAreBillions.jpg in Resources */ = {isa = PBXBuildFile; fileRef = 4D1D90E3250E9A2B00FF9765 /* TheyAreBillions.jpg */; };
		4D1D90EE250E9A2B00FF9765 /* GRID.jpg in Resources */ = {isa = PBXBuildFile; fileRef = 4D1D90E4250E9A2B00FF9765 /* GRID.jpg */; };
		4D1D90EF250E9A2B00FF9765 /* Subnautica.jpg in Resources */ = {isa = PBXBuildFile; fileRef = 4D1D90E5250E9A2B00FF9765 /* Subnautica.jpg */; };
		4D1D90F0250E9A2B00FF9765 /* Rust.png in Resources */ = {isa = PBXBuildFile; fileRef = 4D1D90E6250E9A2B00FF9765 /* Rust.png */; };
		4D1D90F1250E9A2B00FF9765 /* Terraria.jpg in Resources */ = {isa = PBXBuildFile; fileRef = 4D1D90E7250E9A2B00FF9765 /* Terraria.jpg */; };
		4D1D90F2250E9A2B00FF9765 /* PUBG.jpg in Resources */ = {isa = PBXBuildFile; fileRef = 4D1D90E8250E9A2B00FF9765 /* PUBG.jpg */; };
		4D1D90F3250E9A2B00FF9765 /* Wreckfest.jpg in Resources */ = {isa = PBXBuildFile; fileRef = 4D1D90E9250E9A2B00FF9765 /* Wreckfest.jpg */; };
		4D1D90F4250E9A2B00FF9765 /* Squad.jpg in Resources */ = {isa = PBXBuildFile; fileRef = 4D1D90EA250E9A2B00FF9765 /* Squad.jpg */; };
		4D1D90F5250E9A2B00FF9765 /* RocketLeague.jpg in Resources */ = {isa = PBXBuildFile; fileRef = 4D1D90EB250E9A2B00FF9765 /* RocketLeague.jpg */; };
		4D31EA2B250E8E1300300776 /* AppDelegate.swift in Sources */ = {isa = PBXBuildFile; fileRef = 4D31EA2A250E8E1300300776 /* AppDelegate.swift */; };
		4D31EA2D250E8E1300300776 /* SceneDelegate.swift in Sources */ = {isa = PBXBuildFile; fileRef = 4D31EA2C250E8E1300300776 /* SceneDelegate.swift */; };
		4D31EA2F250E8E1300300776 /* MasterViewController.swift in Sources */ = {isa = PBXBuildFile; fileRef = 4D31EA2E250E8E1300300776 /* MasterViewController.swift */; };
		4D31EA31250E8E1300300776 /* DetailViewController.swift in Sources */ = {isa = PBXBuildFile; fileRef = 4D31EA30250E8E1300300776 /* DetailViewController.swift */; };
		4D31EA34250E8E1300300776 /* Main.storyboard in Resources */ = {isa = PBXBuildFile; fileRef = 4D31EA32250E8E1300300776 /* Main.storyboard */; };
		4D31EA36250E8E1400300776 /* Assets.xcassets in Resources */ = {isa = PBXBuildFile; fileRef = 4D31EA35250E8E1400300776 /* Assets.xcassets */; };
		4D31EA39250E8E1400300776 /* LaunchScreen.storyboard in Resources */ = {isa = PBXBuildFile; fileRef = 4D31EA37250E8E1400300776 /* LaunchScreen.storyboard */; };
/* End PBXBuildFile section */

/* Begin PBXFileReference section */
		4D1D90DF250E8FF000FF9765 /* WebKit.framework */ = {isa = PBXFileReference; lastKnownFileType = wrapper.framework; name = WebKit.framework; path = System/Library/Frameworks/WebKit.framework; sourceTree = SDKROOT; };
		4D1D90E2250E9A2B00FF9765 /* WarThunder.jpg */ = {isa = PBXFileReference; lastKnownFileType = image.jpeg; name = WarThunder.jpg; path = ../../../../Downloads/WarThunder.jpg; sourceTree = "<group>"; };
		4D1D90E3250E9A2B00FF9765 /* TheyAreBillions.jpg */ = {isa = PBXFileReference; lastKnownFileType = image.jpeg; name = TheyAreBillions.jpg; path = ../../../../Downloads/TheyAreBillions.jpg; sourceTree = "<group>"; };
		4D1D90E4250E9A2B00FF9765 /* GRID.jpg */ = {isa = PBXFileReference; lastKnownFileType = image.jpeg; name = GRID.jpg; path = ../../../../Downloads/GRID.jpg; sourceTree = "<group>"; };
		4D1D90E5250E9A2B00FF9765 /* Subnautica.jpg */ = {isa = PBXFileReference; lastKnownFileType = image.jpeg; name = Subnautica.jpg; path = ../../../../Downloads/Subnautica.jpg; sourceTree = "<group>"; };
		4D1D90E6250E9A2B00FF9765 /* Rust.png */ = {isa = PBXFileReference; lastKnownFileType = image.png; name = Rust.png; path = ../../../../Downloads/Rust.png; sourceTree = "<group>"; };
		4D1D90E7250E9A2B00FF9765 /* Terraria.jpg */ = {isa = PBXFileReference; lastKnownFileType = image.jpeg; name = Terraria.jpg; path = ../../../../Downloads/Terraria.jpg; sourceTree = "<group>"; };
		4D1D90E8250E9A2B00FF9765 /* PUBG.jpg */ = {isa = PBXFileReference; lastKnownFileType = image.jpeg; name = PUBG.jpg; path = ../../../../Downloads/PUBG.jpg; sourceTree = "<group>"; };
		4D1D90E9250E9A2B00FF9765 /* Wreckfest.jpg */ = {isa = PBXFileReference; lastKnownFileType = image.jpeg; name = Wreckfest.jpg; path = ../../../../Downloads/Wreckfest.jpg; sourceTree = "<group>"; };
		4D1D90EA250E9A2B00FF9765 /* Squad.jpg */ = {isa = PBXFileReference; lastKnownFileType = image.jpeg; name = Squad.jpg; path = ../../../../Downloads/Squad.jpg; sourceTree = "<group>"; };
		4D1D90EB250E9A2B00FF9765 /* RocketLeague.jpg */ = {isa = PBXFileReference; lastKnownFileType = image.jpeg; name = RocketLeague.jpg; path = ../../../../Downloads/RocketLeague.jpg; sourceTree = "<group>"; };
		4D31EA27250E8E1300300776 /* MyFavGames.app */ = {isa = PBXFileReference; explicitFileType = wrapper.application; includeInIndex = 0; path = MyFavGames.app; sourceTree = BUILT_PRODUCTS_DIR; };
		4D31EA2A250E8E1300300776 /* AppDelegate.swift */ = {isa = PBXFileReference; lastKnownFileType = sourcecode.swift; path = AppDelegate.swift; sourceTree = "<group>"; };
		4D31EA2C250E8E1300300776 /* SceneDelegate.swift */ = {isa = PBXFileReference; lastKnownFileType = sourcecode.swift; path = SceneDelegate.swift; sourceTree = "<group>"; };
		4D31EA2E250E8E1300300776 /* MasterViewController.swift */ = {isa = PBXFileReference; lastKnownFileType = sourcecode.swift; path = MasterViewController.swift; sourceTree = "<group>"; };
		4D31EA30250E8E1300300776 /* DetailViewController.swift */ = {isa = PBXFileReference; lastKnownFileType = sourcecode.swift; path = DetailViewController.swift; sourceTree = "<group>"; };
		4D31EA33250E8E1300300776 /* Base */ = {isa = PBXFileReference; lastKnownFileType = file.storyboard; name = Base; path = Base.lproj/Main.storyboard; sourceTree = "<group>"; };
		4D31EA35250E8E1400300776 /* Assets.xcassets */ = {isa = PBXFileReference; lastKnownFileType = folder.assetcatalog; path = Assets.xcassets; sourceTree = "<group>"; };
		4D31EA38250E8E1400300776 /* Base */ = {isa = PBXFileReference; lastKnownFileType = file.storyboard; name = Base; path = Base.lproj/LaunchScreen.storyboard; sourceTree = "<group>"; };
		4D31EA3A250E8E1400300776 /* Info.plist */ = {isa = PBXFileReference; lastKnownFileType = text.plist.xml; path = Info.plist; sourceTree = "<group>"; };
/* End PBXFileReference section */

/* Begin PBXFrameworksBuildPhase section */
		4D31EA24250E8E1300300776 /* Frameworks */ = {
			isa = PBXFrameworksBuildPhase;
			buildActionMask = 2147483647;
			files = (
				4D1D90E0250E8FF000FF9765 /* WebKit.framework in Frameworks */,
			);
			runOnlyForDeploymentPostprocessing = 0;
		};
/* End PBXFrameworksBuildPhase section */

/* Begin PBXGroup section */
		4D1D90DE250E8FF000FF9765 /* Frameworks */ = {
			isa = PBXGroup;
			children = (
				4D1D90DF250E8FF000FF9765 /* WebKit.framework */,
			);
			name = Frameworks;
			sourceTree = "<group>";
		};
		4D1D90E1250E971800FF9765 /* Images */ = {
			isa = PBXGroup;
			children = (
				4D1D90E4250E9A2B00FF9765 /* GRID.jpg */,
				4D1D90E8250E9A2B00FF9765 /* PUBG.jpg */,
				4D1D90EB250E9A2B00FF9765 /* RocketLeague.jpg */,
				4D1D90E6250E9A2B00FF9765 /* Rust.png */,
				4D1D90EA250E9A2B00FF9765 /* Squad.jpg */,
				4D1D90E5250E9A2B00FF9765 /* Subnautica.jpg */,
				4D1D90E7250E9A2B00FF9765 /* Terraria.jpg */,
				4D1D90E3250E9A2B00FF9765 /* TheyAreBillions.jpg */,
				4D1D90E2250E9A2B00FF9765 /* WarThunder.jpg */,
				4D1D90E9250E9A2B00FF9765 /* Wreckfest.jpg */,
			);
			path = Images;
			sourceTree = "<group>";
		};
		4D31EA1E250E8E1300300776 = {
			isa = PBXGroup;
			children = (
				4D1D90E1250E971800FF9765 /* Images */,
				4D31EA29250E8E1300300776 /* MyFavGames */,
				4D31EA28250E8E1300300776 /* Products */,
				4D1D90DE250E8FF000FF9765 /* Frameworks */,
			);
			sourceTree = "<group>";
		};
		4D31EA28250E8E1300300776 /* Products */ = {
			isa = PBXGroup;
			children = (
				4D31EA27250E8E1300300776 /* MyFavGames.app */,
			);
			name = Products;
			sourceTree = "<group>";
		};
		4D31EA29250E8E1300300776 /* MyFavGames */ = {
			isa = PBXGroup;
			children = (
				4D31EA2A250E8E1300300776 /* AppDelegate.swift */,
				4D31EA2C250E8E1300300776 /* SceneDelegate.swift */,
				4D31EA2E250E8E1300300776 /* MasterViewController.swift */,
				4D31EA30250E8E1300300776 /* DetailViewController.swift */,
				4D31EA32250E8E1300300776 /* Main.storyboard */,
				4D31EA35250E8E1400300776 /* Assets.xcassets */,
				4D31EA37250E8E1400300776 /* LaunchScreen.storyboard */,
				4D31EA3A250E8E1400300776 /* Info.plist */,
			);
			path = MyFavGames;
			sourceTree = "<group>";
		};
/* End PBXGroup section */

/* Begin PBXNativeTarget section */
		4D31EA26250E8E1300300776 /* MyFavGames */ = {
			isa = PBXNativeTarget;
			buildConfigurationList = 4D31EA3D250E8E1400300776 /* Build configuration list for PBXNativeTarget "MyFavGames" */;
			buildPhases = (
				4D31EA23250E8E1300300776 /* Sources */,
				4D31EA24250E8E1300300776 /* Frameworks */,
				4D31EA25250E8E1300300776 /* Resources */,
			);
			buildRules = (
			);
			dependencies = (
			);
			name = MyFavGames;
			productName = MyFavGames;
			productReference = 4D31EA27250E8E1300300776 /* MyFavGames.app */;
			productType = "com.apple.product-type.application";
		};
/* End PBXNativeTarget section */

/* Begin PBXProject section */
		4D31EA1F250E8E1300300776 /* Project object */ = {
			isa = PBXProject;
			attributes = {
				LastSwiftUpdateCheck = 1170;
				LastUpgradeCheck = 1170;
				ORGANIZATIONNAME = "Jordan Fritzen";
				TargetAttributes = {
					4D31EA26250E8E1300300776 = {
						CreatedOnToolsVersion = 11.7;
					};
				};
			};
			buildConfigurationList = 4D31EA22250E8E1300300776 /* Build configuration list for PBXProject "MyFavGames" */;
			compatibilityVersion = "Xcode 9.3";
			developmentRegion = en;
			hasScannedForEncodings = 0;
			knownRegions = (
				en,
				Base,
			);
			mainGroup = 4D31EA1E250E8E1300300776;
			productRefGroup = 4D31EA28250E8E1300300776 /* Products */;
			projectDirPath = "";
			projectRoot = "";
			targets = (
				4D31EA26250E8E1300300776 /* MyFavGames */,
			);
		};
/* End PBXProject section */

/* Begin PBXResourcesBuildPhase section */
		4D31EA25250E8E1300300776 /* Resources */ = {
			isa = PBXResourcesBuildPhase;
			buildActionMask = 2147483647;
			files = (
				4D31EA39250E8E1400300776 /* LaunchScreen.storyboard in Resources */,
				4D1D90F0250E9A2B00FF9765 /* Rust.png in Resources */,
				4D1D90F4250E9A2B00FF9765 /* Squad.jpg in Resources */,
				4D1D90F1250E9A2B00FF9765 /* Terraria.jpg in Resources */,
				4D1D90EC250E9A2B00FF9765 /* WarThunder.jpg in Resources */,
				4D31EA36250E8E1400300776 /* Assets.xcassets in Resources */,
				4D1D90ED250E9A2B00FF9765 /* TheyAreBillions.jpg in Resources */,
				4D1D90EF250E9A2B00FF9765 /* Subnautica.jpg in Resources */,
				4D1D90F3250E9A2B00FF9765 /* Wreckfest.jpg in Resources */,
				4D1D90F2250E9A2B00FF9765 /* PUBG.jpg in Resources */,
				4D31EA34250E8E1300300776 /* Main.storyboard in Resources */,
				4D1D90EE250E9A2B00FF9765 /* GRID.jpg in Resources */,
				4D1D90F5250E9A2B00FF9765 /* RocketLeague.jpg in Resources */,
			);
			runOnlyForDeploymentPostprocessing = 0;
		};
/* End PBXResourcesBuildPhase section */

/* Begin PBXSourcesBuildPhase section */
		4D31EA23250E8E1300300776 /* Sources */ = {
			isa = PBXSourcesBuildPhase;
			buildActionMask = 2147483647;
			files = (
				4D31EA2B250E8E1300300776 /* AppDelegate.swift in Sources */,
				4D31EA2D250E8E1300300776 /* SceneDelegate.swift in Sources */,
				4D31EA2F250E8E1300300776 /* MasterViewController.swift in Sources */,
				4D31EA31250E8E1300300776 /* DetailViewController.swift in Sources */,
			);
			runOnlyForDeploymentPostprocessing = 0;
		};
/* End PBXSourcesBuildPhase section */

/* Begin PBXVariantGroup section */
		4D31EA32250E8E1300300776 /* Main.storyboard */ = {
			isa = PBXVariantGroup;
			children = (
				4D31EA33250E8E1300300776 /* Base */,
			);
			name = Main.storyboard;
			sourceTree = "<group>";
		};
		4D31EA37250E8E1400300776 /* LaunchScreen.storyboard */ = {
			isa = PBXVariantGroup;
			children = (
				4D31EA38250E8E1400300776 /* Base */,
			);
			name = LaunchScreen.storyboard;
			sourceTree = "<group>";
		};
/* End PBXVariantGroup section */

/* Begin XCBuildConfiguration section */
		4D31EA3B250E8E1400300776 /* Debug */ = {
			isa = XCBuildConfiguration;
			buildSettings = {
				ALWAYS_SEARCH_USER_PATHS = NO;
				CLANG_ANALYZER_NONNULL = YES;
				CLANG_ANALYZER_NUMBER_OBJECT_CONVERSION = YES_AGGRESSIVE;
				CLANG_CXX_LANGUAGE_STANDARD = "gnu++14";
				CLANG_CXX_LIBRARY = "libc++";
				CLANG_ENABLE_MODULES = YES;
				CLANG_ENABLE_OBJC_ARC = YES;
				CLANG_ENABLE_OBJC_WEAK = YES;
				CLANG_WARN_BLOCK_CAPTURE_AUTORELEASING = YES;
				CLANG_WARN_BOOL_CONVERSION = YES;
				CLANG_WARN_COMMA = YES;
				CLANG_WARN_CONSTANT_CONVERSION = YES;
				CLANG_WARN_DEPRECATED_OBJC_IMPLEMENTATIONS = YES;
				CLANG_WARN_DIRECT_OBJC_ISA_USAGE = YES_ERROR;
				CLANG_WARN_DOCUMENTATION_COMMENTS = YES;
				CLANG_WARN_EMPTY_BODY = YES;
				CLANG_WARN_ENUM_CONVERSION = YES;
				CLANG_WARN_INFINITE_RECURSION = YES;
				CLANG_WARN_INT_CONVERSION = YES;
				CLANG_WARN_NON_LITERAL_NULL_CONVERSION = YES;
				CLANG_WARN_OBJC_IMPLICIT_RETAIN_SELF = YES;
				CLANG_WARN_OBJC_LITERAL_CONVERSION = YES;
				CLANG_WARN_OBJC_ROOT_CLASS = YES_ERROR;
				CLANG_WARN_RANGE_LOOP_ANALYSIS = YES;
				CLANG_WARN_STRICT_PROTOTYPES = YES;
				CLANG_WARN_SUSPICIOUS_MOVE = YES;
				CLANG_WARN_UNGUARDED_AVAILABILITY = YES_AGGRESSIVE;
				CLANG_WARN_UNREACHABLE_CODE = YES;
				CLANG_WARN__DUPLICATE_METHOD_MATCH = YES;
				COPY_PHASE_STRIP = NO;
				DEBUG_INFORMATION_FORMAT = dwarf;
				ENABLE_STRICT_OBJC_MSGSEND = YES;
				ENABLE_TESTABILITY = YES;
				GCC_C_LANGUAGE_STANDARD = gnu11;
				GCC_DYNAMIC_NO_PIC = NO;
				GCC_NO_COMMON_BLOCKS = YES;
				GCC_OPTIMIZATION_LEVEL = 0;
				GCC_PREPROCESSOR_DEFINITIONS = (
					"DEBUG=1",
					"$(inherited)",
				);
				GCC_WARN_64_TO_32_BIT_CONVERSION = YES;
				GCC_WARN_ABOUT_RETURN_TYPE = YES_ERROR;
				GCC_WARN_UNDECLARED_SELECTOR = YES;
				GCC_WARN_UNINITIALIZED_AUTOS = YES_AGGRESSIVE;
				GCC_WARN_UNUSED_FUNCTION = YES;
				GCC_WARN_UNUSED_VARIABLE = YES;
				IPHONEOS_DEPLOYMENT_TARGET = 13.7;
				MTL_ENABLE_DEBUG_INFO = INCLUDE_SOURCE;
				MTL_FAST_MATH = YES;
				ONLY_ACTIVE_ARCH = YES;
				SDKROOT = iphoneos;
				SWIFT_ACTIVE_COMPILATION_CONDITIONS = DEBUG;
				SWIFT_OPTIMIZATION_LEVEL = "-Onone";
			};
			name = Debug;
		};
		4D31EA3C250E8E1400300776 /* Release */ = {
			isa = XCBuildConfiguration;
			buildSettings = {
				ALWAYS_SEARCH_USER_PATHS = NO;
				CLANG_ANALYZER_NONNULL = YES;
				CLANG_ANALYZER_NUMBER_OBJECT_CONVERSION = YES_AGGRESSIVE;
				CLANG_CXX_LANGUAGE_STANDARD = "gnu++14";
				CLANG_CXX_LIBRARY = "libc++";
				CLANG_ENABLE_MODULES = YES;
				CLANG_ENABLE_OBJC_ARC = YES;
				CLANG_ENABLE_OBJC_WEAK = YES;
				CLANG_WARN_BLOCK_CAPTURE_AUTORELEASING = YES;
				CLANG_WARN_BOOL_CONVERSION = YES;
				CLANG_WARN_COMMA = YES;
				CLANG_WARN_CONSTANT_CONVERSION = YES;
				CLANG_WARN_DEPRECATED_OBJC_IMPLEMENTATIONS = YES;
				CLANG_WARN_DIRECT_OBJC_ISA_USAGE = YES_ERROR;
				CLANG_WARN_DOCUMENTATION_COMMENTS = YES;
				CLANG_WARN_EMPTY_BODY = YES;
				CLANG_WARN_ENUM_CONVERSION = YES;
				CLANG_WARN_INFINITE_RECURSION = YES;
				CLANG_WARN_INT_CONVERSION = YES;
				CLANG_WARN_NON_LITERAL_NULL_CONVERSION = YES;
				CLANG_WARN_OBJC_IMPLICIT_RETAIN_SELF = YES;
				CLANG_WARN_OBJC_LITERAL_CONVERSION = YES;
				CLANG_WARN_OBJC_ROOT_CLASS = YES_ERROR;
				CLANG_WARN_RANGE_LOOP_ANALYSIS = YES;
				CLANG_WARN_STRICT_PROTOTYPES = YES;
				CLANG_WARN_SUSPICIOUS_MOVE = YES;
				CLANG_WARN_UNGUARDED_AVAILABILITY = YES_AGGRESSIVE;
				CLANG_WARN_UNREACHABLE_CODE = YES;
				CLANG_WARN__DUPLICATE_METHOD_MATCH = YES;
				COPY_PHASE_STRIP = NO;
				DEBUG_INFORMATION_FORMAT = "dwarf-with-dsym";
				ENABLE_NS_ASSERTIONS = NO;
				ENABLE_STRICT_OBJC_MSGSEND = YES;
				GCC_C_LANGUAGE_STANDARD = gnu11;
				GCC_NO_COMMON_BLOCKS = YES;
				GCC_WARN_64_TO_32_BIT_CONVERSION = YES;
				GCC_WARN_ABOUT_RETURN_TYPE = YES_ERROR;
				GCC_WARN_UNDECLARED_SELECTOR = YES;
				GCC_WARN_UNINITIALIZED_AUTOS = YES_AGGRESSIVE;
				GCC_WARN_UNUSED_FUNCTION = YES;
				GCC_WARN_UNUSED_VARIABLE = YES;
				IPHONEOS_DEPLOYMENT_TARGET = 13.7;
				MTL_ENABLE_DEBUG_INFO = NO;
				MTL_FAST_MATH = YES;
				SDKROOT = iphoneos;
				SWIFT_COMPILATION_MODE = wholemodule;
				SWIFT_OPTIMIZATION_LEVEL = "-O";
				VALIDATE_PRODUCT = YES;
			};
			name = Release;
		};
		4D31EA3E250E8E1400300776 /* Debug */ = {
			isa = XCBuildConfiguration;
			buildSettings = {
				ASSETCATALOG_COMPILER_APPICON_NAME = AppIcon;
				CODE_SIGN_STYLE = Automatic;
				INFOPLIST_FILE = MyFavGames/Info.plist;
				LD_RUNPATH_SEARCH_PATHS = (
					"$(inherited)",
					"@executable_path/Frameworks",
				);
				PRODUCT_BUNDLE_IDENTIFIER = edu.rockvalleycollege.MyFavGames;
				PRODUCT_NAME = "$(TARGET_NAME)";
				SWIFT_VERSION = 5.0;
				TARGETED_DEVICE_FAMILY = 2;
			};
			name = Debug;
		};
		4D31EA3F250E8E1400300776 /* Release */ = {
			isa = XCBuildConfiguration;
			buildSettings = {
				ASSETCATALOG_COMPILER_APPICON_NAME = AppIcon;
				CODE_SIGN_STYLE = Automatic;
				INFOPLIST_FILE = MyFavGames/Info.plist;
				LD_RUNPATH_SEARCH_PATHS = (
					"$(inherited)",
					"@executable_path/Frameworks",
				);
				PRODUCT_BUNDLE_IDENTIFIER = edu.rockvalleycollege.MyFavGames;
				PRODUCT_NAME = "$(TARGET_NAME)";
				SWIFT_VERSION = 5.0;
				TARGETED_DEVICE_FAMILY = 2;
			};
			name = Release;
		};
/* End XCBuildConfiguration section */

/* Begin XCConfigurationList section */
		4D31EA22250E8E1300300776 /* Build configuration list for PBXProject "MyFavGames" */ = {
			isa = XCConfigurationList;
			buildConfigurations = (
				4D31EA3B250E8E1400300776 /* Debug */,
				4D31EA3C250E8E1400300776 /* Release */,
			);
			defaultConfigurationIsVisible = 0;
			defaultConfigurationName = Release;
		};
		4D31EA3D250E8E1400300776 /* Build configuration list for PBXNativeTarget "MyFavGames" */ = {
			isa = XCConfigurationList;
			buildConfigurations = (
				4D31EA3E250E8E1400300776 /* Debug */,
				4D31EA3F250E8E1400300776 /* Release */,
			);
			defaultConfigurationIsVisible = 0;
			defaultConfigurationName = Release;
		};
/* End XCConfigurationList section */
	};
	rootObject = 4D31EA1F250E8E1300300776 /* Project object */;
}
